
Microsoft Visual Studio Solution File, Format Version 12.00
# Visual Studio Version 16
VisualStudioVersion = 16.0.30907.101
MinimumVisualStudioVersion = 10.0.40219.1
Project("{8BC9CEB8-8B4A-11D0-8D11-00A0C91BC942}") = "proyecto_final", "proyecto_final\proyecto_final.vcxproj", "{871124D6-B9BA-41E8-AD0E-FCF737B2AB71}"
EndProject
Global
	GlobalSection(SolutionConfigurationPlatforms) = preSolution
		Debug|x64 = Debug|x64
		Debug|x86 = Debug|x86
		Release|x64 = Release|x64
		Release|x86 = Release|x86
	EndGlobalSection
	GlobalSection(ProjectConfigurationPlatforms) = postSolution
		{871124D6-B9BA-41E8-AD0E-FCF737B2AB71}.Debug|x64.ActiveCfg = Debug|x64
		{871124D6-B9BA-41E8-AD0E-FCF737B2AB71}.Debug|x64.Build.0 = Debug|x64
		{871124D6-B9BA-41E8-AD0E-FCF737B2AB71}.Debug|x86.ActiveCfg = Debug|Win32
		{871124D6-B9BA-41E8-AD0E-FCF737B2AB71}.Debug|x86.Build.0 = Debug|Win32
		{871124D6-B9BA-41E8-AD0E-FCF737B2AB71}.Release|x64.ActiveCfg = Release|x64
		{871124D6-B9BA-41E8-AD0E-FCF737B2AB71}.Release|x64.Build.0 = Release|x64
		{871124D6-B9BA-41E8-AD0E-FCF737B2AB71}.Release|x86.ActiveCfg = Release|Win32
		{871124D6-B9BA-41E8-AD0E-FCF737B2AB71}.Release|x86.Build.0 = Release|Win32
	EndGlobalSection
	GlobalSection(SolutionProperties) = preSolution
		HideSolutionNode = FALSE
	EndGlobalSection
	GlobalSection(ExtensibilityGlobals) = postSolution
		SolutionGuid = {B0A82B56-9B22-4288-B113-30C09F55634D}
	EndGlobalSection
EndGlobal
